
Microsoft Visual Studio Solution File, Format Version 12.00
# Visual Studio 15
VisualStudioVersion = 15.0.28010.2036
MinimumVisualStudioVersion = 10.0.40219.1
Project("{9A19103F-16F7-4668-BE54-9A1E7A4F7556}") = "ILMerge.Fody", "ILMerge.Fody\ILMerge.Fody.csproj", "{0BC4EDA4-1C0F-4DE9-AD48-EBBEDE1A34BB}"
EndProject
Project("{9A19103F-16F7-4668-BE54-9A1E7A4F7556}") = "ILMerge", "ILMerge\ILMerge.csproj", "{8102643F-C5A0-48C6-A4E1-041D8641270E}"
EndProject
Project("{2150E333-8FDC-42A3-9474-1A3956D46DE8}") = "Solution Items", "Solution Items", "{4752A5CA-8021-41B2-BB79-C6E245BD2214}"
	ProjectSection(SolutionItems) = preProject
		..\appveyor.yml = ..\appveyor.yml
		Directory.Build.props = Directory.Build.props
		..\README.md = ..\README.md
	EndProjectSection
EndProject
Project("{9A19103F-16F7-4668-BE54-9A1E7A4F7556}") = "Tests", "Tests\Tests.csproj", "{F4B050C3-B098-4504-939E-B540B1102407}"
EndProject
Global
	GlobalSection(SolutionConfigurationPlatforms) = preSolution
		Debug|Any CPU = Debug|Any CPU
		Release|Any CPU = Release|Any CPU
	EndGlobalSection
	GlobalSection(ProjectConfigurationPlatforms) = postSolution
		{0BC4EDA4-1C0F-4DE9-AD48-EBBEDE1A34BB}.Debug|Any CPU.ActiveCfg = Debug|Any CPU
		{0BC4EDA4-1C0F-4DE9-AD48-EBBEDE1A34BB}.Debug|Any CPU.Build.0 = Debug|Any CPU
		{0BC4EDA4-1C0F-4DE9-AD48-EBBEDE1A34BB}.Release|Any CPU.ActiveCfg = Release|Any CPU
		{0BC4EDA4-1C0F-4DE9-AD48-EBBEDE1A34BB}.Release|Any CPU.Build.0 = Release|Any CPU
		{8102643F-C5A0-48C6-A4E1-041D8641270E}.Debug|Any CPU.ActiveCfg = Debug|Any CPU
		{8102643F-C5A0-48C6-A4E1-041D8641270E}.Debug|Any CPU.Build.0 = Debug|Any CPU
		{8102643F-C5A0-48C6-A4E1-041D8641270E}.Release|Any CPU.ActiveCfg = Release|Any CPU
		{8102643F-C5A0-48C6-A4E1-041D8641270E}.Release|Any CPU.Build.0 = Release|Any CPU
		{F4B050C3-B098-4504-939E-B540B1102407}.Debug|Any CPU.ActiveCfg = Debug|Any CPU
		{F4B050C3-B098-4504-939E-B540B1102407}.Debug|Any CPU.Build.0 = Debug|Any CPU
		{F4B050C3-B098-4504-939E-B540B1102407}.Release|Any CPU.ActiveCfg = Release|Any CPU
		{F4B050C3-B098-4504-939E-B540B1102407}.Release|Any CPU.Build.0 = Release|Any CPU
	EndGlobalSection
	GlobalSection(SolutionProperties) = preSolution
		HideSolutionNode = FALSE
	EndGlobalSection
	GlobalSection(ExtensibilityGlobals) = postSolution
		SolutionGuid = {0E192C64-0077-4724-8EB5-E468EBFAA8AD}
	EndGlobalSection
EndGlobal
